// !$*UTF8*$!
{
	archiveVersion = 1;
	classes = {
	};
	objectVersion = 50;
	objects = {

/* Begin PBXBuildFile section */
		842E4BB1224B523E00D936C8 /* AppDelegate.swift in Sources */ = {isa = PBXBuildFile; fileRef = 842E4BB0224B523E00D936C8 /* AppDelegate.swift */; };
		842E4BB3224B523E00D936C8 /* MainVC.swift in Sources */ = {isa = PBXBuildFile; fileRef = 842E4BB2224B523E00D936C8 /* MainVC.swift */; };
		842E4BB8224B523F00D936C8 /* Assets.xcassets in Resources */ = {isa = PBXBuildFile; fileRef = 842E4BB7224B523F00D936C8 /* Assets.xcassets */; };
		842E4BBB224B523F00D936C8 /* LaunchScreen.storyboard in Resources */ = {isa = PBXBuildFile; fileRef = 842E4BB9224B523F00D936C8 /* LaunchScreen.storyboard */; };
		842E4BC9224B5A4600D936C8 /* PresentingMenu.swift in Sources */ = {isa = PBXBuildFile; fileRef = 842E4BC8224B5A4600D936C8 /* PresentingMenu.swift */; };
		842E4BCC224B5BC900D936C8 /* DropDownMenu.swift in Sources */ = {isa = PBXBuildFile; fileRef = 842E4BCB224B5BC900D936C8 /* DropDownMenu.swift */; };
		842E4BCE224B5BD600D936C8 /* DropDownCell.swift in Sources */ = {isa = PBXBuildFile; fileRef = 842E4BCD224B5BD600D936C8 /* DropDownCell.swift */; };
		842E4BD1224B627C00D936C8 /* DropDownModel.swift in Sources */ = {isa = PBXBuildFile; fileRef = 842E4BD0224B627C00D936C8 /* DropDownModel.swift */; };
		842E4BD3224B62B300D936C8 /* DropDownService.swift in Sources */ = {isa = PBXBuildFile; fileRef = 842E4BD2224B62B300D936C8 /* DropDownService.swift */; };
		842E4BD7224B803B00D936C8 /* StoryData.swift in Sources */ = {isa = PBXBuildFile; fileRef = 842E4BD6224B803B00D936C8 /* StoryData.swift */; };
		842E4BDA224B90BD00D936C8 /* NewsApi.swift in Sources */ = {isa = PBXBuildFile; fileRef = 842E4BD9224B90BD00D936C8 /* NewsApi.swift */; };
		842E4BE0224BC61C00D936C8 /* NewsData.swift in Sources */ = {isa = PBXBuildFile; fileRef = 842E4BDF224BC61C00D936C8 /* NewsData.swift */; };
		842E4BE2224BC88A00D936C8 /* NewsDataService.swift in Sources */ = {isa = PBXBuildFile; fileRef = 842E4BE1224BC88A00D936C8 /* NewsDataService.swift */; };
		842E4BE5224BD42B00D936C8 /* NewsDataCell.swift in Sources */ = {isa = PBXBuildFile; fileRef = 842E4BE4224BD42B00D936C8 /* NewsDataCell.swift */; };
		842E4BE8224BDB2600D936C8 /* imageClass.swift in Sources */ = {isa = PBXBuildFile; fileRef = 842E4BE7224BDB2600D936C8 /* imageClass.swift */; };
		8433FC96224D079D00FBFED5 /* PresentingTableData.swift in Sources */ = {isa = PBXBuildFile; fileRef = 8433FC95224D079D00FBFED5 /* PresentingTableData.swift */; };
		8433FC98224D07E000FBFED5 /* HandlingUserMenuAction.swift in Sources */ = {isa = PBXBuildFile; fileRef = 8433FC97224D07E000FBFED5 /* HandlingUserMenuAction.swift */; };
/* End PBXBuildFile section */

/* Begin PBXFileReference section */
		842E4BAD224B523E00D936C8 /* NewsFeed.app */ = {isa = PBXFileReference; explicitFileType = wrapper.application; includeInIndex = 0; path = NewsFeed.app; sourceTree = BUILT_PRODUCTS_DIR; };
		842E4BB0224B523E00D936C8 /* AppDelegate.swift */ = {isa = PBXFileReference; lastKnownFileType = sourcecode.swift; path = AppDelegate.swift; sourceTree = "<group>"; };
		842E4BB2224B523E00D936C8 /* MainVC.swift */ = {isa = PBXFileReference; lastKnownFileType = sourcecode.swift; path = MainVC.swift; sourceTree = "<group>"; };
		842E4BB7224B523F00D936C8 /* Assets.xcassets */ = {isa = PBXFileReference; lastKnownFileType = folder.assetcatalog; path = Assets.xcassets; sourceTree = "<group>"; };
		842E4BBA224B523F00D936C8 /* Base */ = {isa = PBXFileReference; lastKnownFileType = file.storyboard; name = Base; path = Base.lproj/LaunchScreen.storyboard; sourceTree = "<group>"; };
		842E4BBC224B523F00D936C8 /* Info.plist */ = {isa = PBXFileReference; lastKnownFileType = text.plist.xml; path = Info.plist; sourceTree = "<group>"; };
		842E4BC8224B5A4600D936C8 /* PresentingMenu.swift */ = {isa = PBXFileReference; lastKnownFileType = sourcecode.swift; path = PresentingMenu.swift; sourceTree = "<group>"; };
		842E4BCB224B5BC900D936C8 /* DropDownMenu.swift */ = {isa = PBXFileReference; lastKnownFileType = sourcecode.swift; path = DropDownMenu.swift; sourceTree = "<group>"; };
		842E4BCD224B5BD600D936C8 /* DropDownCell.swift */ = {isa = PBXFileReference; lastKnownFileType = sourcecode.swift; path = DropDownCell.swift; sourceTree = "<group>"; };
		842E4BD0224B627C00D936C8 /* DropDownModel.swift */ = {isa = PBXFileReference; lastKnownFileType = sourcecode.swift; path = DropDownModel.swift; sourceTree = "<group>"; };
		842E4BD2224B62B300D936C8 /* DropDownService.swift */ = {isa = PBXFileReference; lastKnownFileType = sourcecode.swift; path = DropDownService.swift; sourceTree = "<group>"; };
		842E4BD6224B803B00D936C8 /* StoryData.swift */ = {isa = PBXFileReference; lastKnownFileType = sourcecode.swift; path = StoryData.swift; sourceTree = "<group>"; };
		842E4BD9224B90BD00D936C8 /* NewsApi.swift */ = {isa = PBXFileReference; lastKnownFileType = sourcecode.swift; path = NewsApi.swift; sourceTree = "<group>"; };
		842E4BDF224BC61C00D936C8 /* NewsData.swift */ = {isa = PBXFileReference; lastKnownFileType = sourcecode.swift; path = NewsData.swift; sourceTree = "<group>"; };
		842E4BE1224BC88A00D936C8 /* NewsDataService.swift */ = {isa = PBXFileReference; lastKnownFileType = sourcecode.swift; path = NewsDataService.swift; sourceTree = "<group>"; };
		842E4BE4224BD42B00D936C8 /* NewsDataCell.swift */ = {isa = PBXFileReference; lastKnownFileType = sourcecode.swift; path = NewsDataCell.swift; sourceTree = "<group>"; };
		842E4BE7224BDB2600D936C8 /* imageClass.swift */ = {isa = PBXFileReference; lastKnownFileType = sourcecode.swift; path = imageClass.swift; sourceTree = "<group>"; };
		8433FC95224D079D00FBFED5 /* PresentingTableData.swift */ = {isa = PBXFileReference; lastKnownFileType = sourcecode.swift; path = PresentingTableData.swift; sourceTree = "<group>"; };
		8433FC97224D07E000FBFED5 /* HandlingUserMenuAction.swift */ = {isa = PBXFileReference; lastKnownFileType = sourcecode.swift; path = HandlingUserMenuAction.swift; sourceTree = "<group>"; };
/* End PBXFileReference section */

/* Begin PBXFrameworksBuildPhase section */
		842E4BAA224B523E00D936C8 /* Frameworks */ = {
			isa = PBXFrameworksBuildPhase;
			buildActionMask = 2147483647;
			files = (
			);
			runOnlyForDeploymentPostprocessing = 0;
		};
/* End PBXFrameworksBuildPhase section */

/* Begin PBXGroup section */
		842E4BA4224B523E00D936C8 = {
			isa = PBXGroup;
			children = (
				842E4BAF224B523E00D936C8 /* NewsFeed */,
				842E4BAE224B523E00D936C8 /* Products */,
			);
			sourceTree = "<group>";
		};
		842E4BAE224B523E00D936C8 /* Products */ = {
			isa = PBXGroup;
			children = (
				842E4BAD224B523E00D936C8 /* NewsFeed.app */,
			);
			name = Products;
			sourceTree = "<group>";
		};
		842E4BAF224B523E00D936C8 /* NewsFeed */ = {
			isa = PBXGroup;
			children = (
				842E4BD8224B909E00D936C8 /* Apis */,
				842E4BC4224B590500D936C8 /* Model */,
				842E4BC5224B590B00D936C8 /* View */,
				842E4BC6224B591200D936C8 /* Presenter */,
				8433FC94224CFF4E00FBFED5 /* SupportFiles */,
				842E4BBC224B523F00D936C8 /* Info.plist */,
			);
			path = NewsFeed;
			sourceTree = "<group>";
		};
		842E4BC4224B590500D936C8 /* Model */ = {
			isa = PBXGroup;
			children = (
				842E4BDD224BC60100D936C8 /* NewsData */,
				842E4BD5224B801000D936C8 /* StoryData */,
				842E4BCF224B625800D936C8 /* DropDown */,
			);
			path = Model;
			sourceTree = "<group>";
		};
		842E4BC5224B590B00D936C8 /* View */ = {
			isa = PBXGroup;
			children = (
				8433FC99224D089800FBFED5 /* ViewControllers */,
				842E4BE6224BDB0400D936C8 /* CustomImageClass */,
				842E4BE3224BD3FD00D936C8 /* NewDataCell */,
				842E4BCA224B5BAC00D936C8 /* DropDownMenu */,
				842E4BB9224B523F00D936C8 /* LaunchScreen.storyboard */,
				842E4BB7224B523F00D936C8 /* Assets.xcassets */,
			);
			path = View;
			sourceTree = "<group>";
		};
		842E4BC6224B591200D936C8 /* Presenter */ = {
			isa = PBXGroup;
			children = (
				842E4BC8224B5A4600D936C8 /* PresentingMenu.swift */,
				8433FC95224D079D00FBFED5 /* PresentingTableData.swift */,
				8433FC97224D07E000FBFED5 /* HandlingUserMenuAction.swift */,
			);
			path = Presenter;
			sourceTree = "<group>";
		};
		842E4BCA224B5BAC00D936C8 /* DropDownMenu */ = {
			isa = PBXGroup;
			children = (
				842E4BCD224B5BD600D936C8 /* DropDownCell.swift */,
				842E4BCB224B5BC900D936C8 /* DropDownMenu.swift */,
			);
			path = DropDownMenu;
			sourceTree = "<group>";
		};
		842E4BCF224B625800D936C8 /* DropDown */ = {
			isa = PBXGroup;
			children = (
				842E4BD0224B627C00D936C8 /* DropDownModel.swift */,
				842E4BD2224B62B300D936C8 /* DropDownService.swift */,
			);
			path = DropDown;
			sourceTree = "<group>";
		};
		842E4BD5224B801000D936C8 /* StoryData */ = {
			isa = PBXGroup;
			children = (
				842E4BD6224B803B00D936C8 /* StoryData.swift */,
			);
			path = StoryData;
			sourceTree = "<group>";
		};
		842E4BD8224B909E00D936C8 /* Apis */ = {
			isa = PBXGroup;
			children = (
				842E4BD9224B90BD00D936C8 /* NewsApi.swift */,
			);
			path = Apis;
			sourceTree = "<group>";
		};
		842E4BDD224BC60100D936C8 /* NewsData */ = {
			isa = PBXGroup;
			children = (
				842E4BDF224BC61C00D936C8 /* NewsData.swift */,
				842E4BE1224BC88A00D936C8 /* NewsDataService.swift */,
			);
			path = NewsData;
			sourceTree = "<group>";
		};
		842E4BE3224BD3FD00D936C8 /* NewDataCell */ = {
			isa = PBXGroup;
			children = (
				842E4BE4224BD42B00D936C8 /* NewsDataCell.swift */,
			);
			path = NewDataCell;
			sourceTree = "<group>";
		};
		842E4BE6224BDB0400D936C8 /* CustomImageClass */ = {
			isa = PBXGroup;
			children = (
				842E4BE7224BDB2600D936C8 /* imageClass.swift */,
			);
			path = CustomImageClass;
			sourceTree = "<group>";
		};
		8433FC94224CFF4E00FBFED5 /* SupportFiles */ = {
			isa = PBXGroup;
			children = (
				842E4BB0224B523E00D936C8 /* AppDelegate.swift */,
			);
			path = SupportFiles;
			sourceTree = "<group>";
		};
		8433FC99224D089800FBFED5 /* ViewControllers */ = {
			isa = PBXGroup;
			children = (
				842E4BB2224B523E00D936C8 /* MainVC.swift */,
			);
			path = ViewControllers;
			sourceTree = "<group>";
		};
/* End PBXGroup section */

/* Begin PBXNativeTarget section */
		842E4BAC224B523E00D936C8 /* NewsFeed */ = {
			isa = PBXNativeTarget;
			buildConfigurationList = 842E4BBF224B523F00D936C8 /* Build configuration list for PBXNativeTarget "NewsFeed" */;
			buildPhases = (
				842E4BA9224B523E00D936C8 /* Sources */,
				842E4BAA224B523E00D936C8 /* Frameworks */,
				842E4BAB224B523E00D936C8 /* Resources */,
			);
			buildRules = (
			);
			dependencies = (
			);
			name = NewsFeed;
			productName = NewsFeed;
			productReference = 842E4BAD224B523E00D936C8 /* NewsFeed.app */;
			productType = "com.apple.product-type.application";
		};
/* End PBXNativeTarget section */

/* Begin PBXProject section */
		842E4BA5224B523E00D936C8 /* Project object */ = {
			isa = PBXProject;
			attributes = {
				LastSwiftUpdateCheck = 1010;
				LastUpgradeCheck = 1010;
				ORGANIZATIONNAME = AcknoTech;
				TargetAttributes = {
					842E4BAC224B523E00D936C8 = {
						CreatedOnToolsVersion = 10.1;
					};
				};
			};
			buildConfigurationList = 842E4BA8224B523E00D936C8 /* Build configuration list for PBXProject "NewsFeed" */;
			compatibilityVersion = "Xcode 9.3";
			developmentRegion = en;
			hasScannedForEncodings = 0;
			knownRegions = (
				en,
				Base,
			);
			mainGroup = 842E4BA4224B523E00D936C8;
			productRefGroup = 842E4BAE224B523E00D936C8 /* Products */;
			projectDirPath = "";
			projectRoot = "";
			targets = (
				842E4BAC224B523E00D936C8 /* NewsFeed */,
			);
		};
/* End PBXProject section */

/* Begin PBXResourcesBuildPhase section */
		842E4BAB224B523E00D936C8 /* Resources */ = {
			isa = PBXResourcesBuildPhase;
			buildActionMask = 2147483647;
			files = (
				842E4BBB224B523F00D936C8 /* LaunchScreen.storyboard in Resources */,
				842E4BB8224B523F00D936C8 /* Assets.xcassets in Resources */,
			);
			runOnlyForDeploymentPostprocessing = 0;
		};
/* End PBXResourcesBuildPhase section */

/* Begin PBXSourcesBuildPhase section */
		842E4BA9224B523E00D936C8 /* Sources */ = {
			isa = PBXSourcesBuildPhase;
			buildActionMask = 2147483647;
			files = (
				842E4BCE224B5BD600D936C8 /* DropDownCell.swift in Sources */,
				842E4BB3224B523E00D936C8 /* MainVC.swift in Sources */,
				842E4BC9224B5A4600D936C8 /* PresentingMenu.swift in Sources */,
				842E4BB1224B523E00D936C8 /* AppDelegate.swift in Sources */,
				842E4BE5224BD42B00D936C8 /* NewsDataCell.swift in Sources */,
				842E4BE0224BC61C00D936C8 /* NewsData.swift in Sources */,
				842E4BD1224B627C00D936C8 /* DropDownModel.swift in Sources */,
				842E4BE2224BC88A00D936C8 /* NewsDataService.swift in Sources */,
				842E4BE8224BDB2600D936C8 /* imageClass.swift in Sources */,
				842E4BD7224B803B00D936C8 /* StoryData.swift in Sources */,
				8433FC98224D07E000FBFED5 /* HandlingUserMenuAction.swift in Sources */,
				842E4BD3224B62B300D936C8 /* DropDownService.swift in Sources */,
				842E4BDA224B90BD00D936C8 /* NewsApi.swift in Sources */,
				842E4BCC224B5BC900D936C8 /* DropDownMenu.swift in Sources */,
				8433FC96224D079D00FBFED5 /* PresentingTableData.swift in Sources */,
			);
			runOnlyForDeploymentPostprocessing = 0;
		};
/* End PBXSourcesBuildPhase section */

/* Begin PBXVariantGroup section */
		842E4BB9224B523F00D936C8 /* LaunchScreen.storyboard */ = {
			isa = PBXVariantGroup;
			children = (
				842E4BBA224B523F00D936C8 /* Base */,
			);
			name = LaunchScreen.storyboard;
			sourceTree = "<group>";
		};
/* End PBXVariantGroup section */

/* Begin XCBuildConfiguration section */
		842E4BBD224B523F00D936C8 /* Debug */ = {
			isa = XCBuildConfiguration;
			buildSettings = {
				ALWAYS_SEARCH_USER_PATHS = NO;
				CLANG_ANALYZER_NONNULL = YES;
				CLANG_ANALYZER_NUMBER_OBJECT_CONVERSION = YES_AGGRESSIVE;
				CLANG_CXX_LANGUAGE_STANDARD = "gnu++14";
				CLANG_CXX_LIBRARY = "libc++";
				CLANG_ENABLE_MODULES = YES;
				CLANG_ENABLE_OBJC_ARC = YES;
				CLANG_ENABLE_OBJC_WEAK = YES;
				CLANG_WARN_BLOCK_CAPTURE_AUTORELEASING = YES;
				CLANG_WARN_BOOL_CONVERSION = YES;
				CLANG_WARN_COMMA = YES;
				CLANG_WARN_CONSTANT_CONVERSION = YES;
				CLANG_WARN_DEPRECATED_OBJC_IMPLEMENTATIONS = YES;
				CLANG_WARN_DIRECT_OBJC_ISA_USAGE = YES_ERROR;
				CLANG_WARN_DOCUMENTATION_COMMENTS = YES;
				CLANG_WARN_EMPTY_BODY = YES;
				CLANG_WARN_ENUM_CONVERSION = YES;
				CLANG_WARN_INFINITE_RECURSION = YES;
				CLANG_WARN_INT_CONVERSION = YES;
				CLANG_WARN_NON_LITERAL_NULL_CONVERSION = YES;
				CLANG_WARN_OBJC_IMPLICIT_RETAIN_SELF = YES;
				CLANG_WARN_OBJC_LITERAL_CONVERSION = YES;
				CLANG_WARN_OBJC_ROOT_CLASS = YES_ERROR;
				CLANG_WARN_RANGE_LOOP_ANALYSIS = YES;
				CLANG_WARN_STRICT_PROTOTYPES = YES;
				CLANG_WARN_SUSPICIOUS_MOVE = YES;
				CLANG_WARN_UNGUARDED_AVAILABILITY = YES_AGGRESSIVE;
				CLANG_WARN_UNREACHABLE_CODE = YES;
				CLANG_WARN__DUPLICATE_METHOD_MATCH = YES;
				CODE_SIGN_IDENTITY = "iPhone Developer";
				COPY_PHASE_STRIP = NO;
				DEBUG_INFORMATION_FORMAT = dwarf;
				ENABLE_STRICT_OBJC_MSGSEND = YES;
				ENABLE_TESTABILITY = YES;
				GCC_C_LANGUAGE_STANDARD = gnu11;
				GCC_DYNAMIC_NO_PIC = NO;
				GCC_NO_COMMON_BLOCKS = YES;
				GCC_OPTIMIZATION_LEVEL = 0;
				GCC_PREPROCESSOR_DEFINITIONS = (
					"DEBUG=1",
					"$(inherited)",
				);
				GCC_WARN_64_TO_32_BIT_CONVERSION = YES;
				GCC_WARN_ABOUT_RETURN_TYPE = YES_ERROR;
				GCC_WARN_UNDECLARED_SELECTOR = YES;
				GCC_WARN_UNINITIALIZED_AUTOS = YES_AGGRESSIVE;
				GCC_WARN_UNUSED_FUNCTION = YES;
				GCC_WARN_UNUSED_VARIABLE = YES;
				IPHONEOS_DEPLOYMENT_TARGET = 12.1;
				MTL_ENABLE_DEBUG_INFO = INCLUDE_SOURCE;
				MTL_FAST_MATH = YES;
				ONLY_ACTIVE_ARCH = YES;
				SDKROOT = iphoneos;
				SWIFT_ACTIVE_COMPILATION_CONDITIONS = DEBUG;
				SWIFT_OPTIMIZATION_LEVEL = "-Onone";
			};
			name = Debug;
		};
		842E4BBE224B523F00D936C8 /* Release */ = {
			isa = XCBuildConfiguration;
			buildSettings = {
				ALWAYS_SEARCH_USER_PATHS = NO;
				CLANG_ANALYZER_NONNULL = YES;
				CLANG_ANALYZER_NUMBER_OBJECT_CONVERSION = YES_AGGRESSIVE;
				CLANG_CXX_LANGUAGE_STANDARD = "gnu++14";
				CLANG_CXX_LIBRARY = "libc++";
				CLANG_ENABLE_MODULES = YES;
				CLANG_ENABLE_OBJC_ARC = YES;
				CLANG_ENABLE_OBJC_WEAK = YES;
				CLANG_WARN_BLOCK_CAPTURE_AUTORELEASING = YES;
				CLANG_WARN_BOOL_CONVERSION = YES;
				CLANG_WARN_COMMA = YES;
				CLANG_WARN_CONSTANT_CONVERSION = YES;
				CLANG_WARN_DEPRECATED_OBJC_IMPLEMENTATIONS = YES;
				CLANG_WARN_DIRECT_OBJC_ISA_USAGE = YES_ERROR;
				CLANG_WARN_DOCUMENTATION_COMMENTS = YES;
				CLANG_WARN_EMPTY_BODY = YES;
				CLANG_WARN_ENUM_CONVERSION = YES;
				CLANG_WARN_INFINITE_RECURSION = YES;
				CLANG_WARN_INT_CONVERSION = YES;
				CLANG_WARN_NON_LITERAL_NULL_CONVERSION = YES;
				CLANG_WARN_OBJC_IMPLICIT_RETAIN_SELF = YES;
				CLANG_WARN_OBJC_LITERAL_CONVERSION = YES;
				CLANG_WARN_OBJC_ROOT_CLASS = YES_ERROR;
				CLANG_WARN_RANGE_LOOP_ANALYSIS = YES;
				CLANG_WARN_STRICT_PROTOTYPES = YES;
				CLANG_WARN_SUSPICIOUS_MOVE = YES;
				CLANG_WARN_UNGUARDED_AVAILABILITY = YES_AGGRESSIVE;
				CLANG_WARN_UNREACHABLE_CODE = YES;
				CLANG_WARN__DUPLICATE_METHOD_MATCH = YES;
				CODE_SIGN_IDENTITY = "iPhone Developer";
				COPY_PHASE_STRIP = NO;
				DEBUG_INFORMATION_FORMAT = "dwarf-with-dsym";
				ENABLE_NS_ASSERTIONS = NO;
				ENABLE_STRICT_OBJC_MSGSEND = YES;
				GCC_C_LANGUAGE_STANDARD = gnu11;
				GCC_NO_COMMON_BLOCKS = YES;
				GCC_WARN_64_TO_32_BIT_CONVERSION = YES;
				GCC_WARN_ABOUT_RETURN_TYPE = YES_ERROR;
				GCC_WARN_UNDECLARED_SELECTOR = YES;
				GCC_WARN_UNINITIALIZED_AUTOS = YES_AGGRESSIVE;
				GCC_WARN_UNUSED_FUNCTION = YES;
				GCC_WARN_UNUSED_VARIABLE = YES;
				IPHONEOS_DEPLOYMENT_TARGET = 12.1;
				MTL_ENABLE_DEBUG_INFO = NO;
				MTL_FAST_MATH = YES;
				SDKROOT = iphoneos;
				SWIFT_COMPILATION_MODE = wholemodule;
				SWIFT_OPTIMIZATION_LEVEL = "-O";
				VALIDATE_PRODUCT = YES;
			};
			name = Release;
		};
		842E4BC0224B523F00D936C8 /* Debug */ = {
			isa = XCBuildConfiguration;
			buildSettings = {
				ASSETCATALOG_COMPILER_APPICON_NAME = AppIcon;
				CODE_SIGN_STYLE = Automatic;
				DEVELOPMENT_TEAM = 4WQ87WW69X;
				INFOPLIST_FILE = NewsFeed/Info.plist;
				LD_RUNPATH_SEARCH_PATHS = (
					"$(inherited)",
					"@executable_path/Frameworks",
				);
				PRODUCT_BUNDLE_IDENTIFIER = com.AcknoTechRealMilkProject.NewsFeed;
				PRODUCT_NAME = "$(TARGET_NAME)";
				SWIFT_VERSION = 4.2;
				TARGETED_DEVICE_FAMILY = 1;
			};
			name = Debug;
		};
		842E4BC1224B523F00D936C8 /* Release */ = {
			isa = XCBuildConfiguration;
			buildSettings = {
				ASSETCATALOG_COMPILER_APPICON_NAME = AppIcon;
				CODE_SIGN_STYLE = Automatic;
				DEVELOPMENT_TEAM = 4WQ87WW69X;
				INFOPLIST_FILE = NewsFeed/Info.plist;
				LD_RUNPATH_SEARCH_PATHS = (
					"$(inherited)",
					"@executable_path/Frameworks",
				);
				PRODUCT_BUNDLE_IDENTIFIER = com.AcknoTechRealMilkProject.NewsFeed;
				PRODUCT_NAME = "$(TARGET_NAME)";
				SWIFT_VERSION = 4.2;
				TARGETED_DEVICE_FAMILY = 1;
			};
			name = Release;
		};
/* End XCBuildConfiguration section */

/* Begin XCConfigurationList section */
		842E4BA8224B523E00D936C8 /* Build configuration list for PBXProject "NewsFeed" */ = {
			isa = XCConfigurationList;
			buildConfigurations = (
				842E4BBD224B523F00D936C8 /* Debug */,
				842E4BBE224B523F00D936C8 /* Release */,
			);
			defaultConfigurationIsVisible = 0;
			defaultConfigurationName = Release;
		};
		842E4BBF224B523F00D936C8 /* Build configuration list for PBXNativeTarget "NewsFeed" */ = {
			isa = XCConfigurationList;
			buildConfigurations = (
				842E4BC0224B523F00D936C8 /* Debug */,
				842E4BC1224B523F00D936C8 /* Release */,
			);
			defaultConfigurationIsVisible = 0;
			defaultConfigurationName = Release;
		};
/* End XCConfigurationList section */
	};
	rootObject = 842E4BA5224B523E00D936C8 /* Project object */;
}
